
Microsoft Visual Studio Solution File, Format Version 12.00
# Visual Studio Version 17
VisualStudioVersion = 17.3.32519.111
MinimumVisualStudioVersion = 10.0.40219.1
Project("{9A19103F-16F7-4668-BE54-9A1E7A4F7556}") = "RowerStuff", "RowerStuff\RowerStuff.csproj", "{28C6C6E1-4190-40B7-9D35-CA85A99338A3}"
EndProject
Global
	GlobalSection(SolutionConfigurationPlatforms) = preSolution
		Debug|Any CPU = Debug|Any CPU
		Release|Any CPU = Release|Any CPU
	EndGlobalSection
	GlobalSection(ProjectConfigurationPlatforms) = postSolution
		{28C6C6E1-4190-40B7-9D35-CA85A99338A3}.Debug|Any CPU.ActiveCfg = Debug|Any CPU
		{28C6C6E1-4190-40B7-9D35-CA85A99338A3}.Debug|Any CPU.Build.0 = Debug|Any CPU
		{28C6C6E1-4190-40B7-9D35-CA85A99338A3}.Debug|Any CPU.Deploy.0 = Debug|Any CPU
		{28C6C6E1-4190-40B7-9D35-CA85A99338A3}.Release|Any CPU.ActiveCfg = Release|Any CPU
		{28C6C6E1-4190-40B7-9D35-CA85A99338A3}.Release|Any CPU.Build.0 = Release|Any CPU
		{28C6C6E1-4190-40B7-9D35-CA85A99338A3}.Release|Any CPU.Deploy.0 = Release|Any CPU
	EndGlobalSection
	GlobalSection(SolutionProperties) = preSolution
		HideSolutionNode = FALSE
	EndGlobalSection
	GlobalSection(ExtensibilityGlobals) = postSolution
		SolutionGuid = {47BEA629-3700-486E-9A50-F08D440A3A8D}
	EndGlobalSection
EndGlobal
