
Microsoft Visual Studio Solution File, Format Version 12.00
# Visual Studio Version 16
VisualStudioVersion = 16.0.29009.5
MinimumVisualStudioVersion = 10.0.40219.1
Project("{FAE04EC0-301F-11D3-BF4B-00C04F79EFBC}") = "RowerStuff", "RowerStuff\RowerStuff.csproj", "{6BFFF747-7A51-4116-A9EE-C1609251A5CD}"
EndProject
Global
	GlobalSection(SolutionConfigurationPlatforms) = preSolution
		Debug|Any CPU = Debug|Any CPU
		Release|Any CPU = Release|Any CPU
	EndGlobalSection
	GlobalSection(ProjectConfigurationPlatforms) = postSolution
		{6BFFF747-7A51-4116-A9EE-C1609251A5CD}.Debug|Any CPU.ActiveCfg = Debug|Any CPU
		{6BFFF747-7A51-4116-A9EE-C1609251A5CD}.Debug|Any CPU.Build.0 = Debug|Any CPU
		{6BFFF747-7A51-4116-A9EE-C1609251A5CD}.Debug|Any CPU.Deploy.0 = Debug|Any CPU
		{6BFFF747-7A51-4116-A9EE-C1609251A5CD}.Release|Any CPU.ActiveCfg = Release|Any CPU
		{6BFFF747-7A51-4116-A9EE-C1609251A5CD}.Release|Any CPU.Build.0 = Release|Any CPU
		{6BFFF747-7A51-4116-A9EE-C1609251A5CD}.Release|Any CPU.Deploy.0 = Release|Any CPU
	EndGlobalSection
	GlobalSection(SolutionProperties) = preSolution
		HideSolutionNode = FALSE
	EndGlobalSection
	GlobalSection(ExtensibilityGlobals) = postSolution
		SolutionGuid = {47BEA629-3700-486E-9A50-F08D440A3A8D}
	EndGlobalSection
EndGlobal
